// !$*UTF8*$!
{
	archiveVersion = 1;
	classes = {
	};
	objectVersion = 55;
	objects = {

/* Begin PBXBuildFile section */
		694B0149290EF2D800C49EC8 /* ArticleCoordinator.swift in Sources */ = {isa = PBXBuildFile; fileRef = 694B0148290EF2D800C49EC8 /* ArticleCoordinator.swift */; };
		695B6816290C62610010A568 /* Utils.swift in Sources */ = {isa = PBXBuildFile; fileRef = 695B6815290C62610010A568 /* Utils.swift */; };
		695B6818290C65310010A568 /* UITableViewCell+Extensions.swift in Sources */ = {isa = PBXBuildFile; fileRef = 695B6817290C65310010A568 /* UITableViewCell+Extensions.swift */; };
		695D56C72906B52B00892B7F /* ArticleListTableViewCell.swift in Sources */ = {isa = PBXBuildFile; fileRef = 695D56C62906B52B00892B7F /* ArticleListTableViewCell.swift */; };
		695D56CA29072A3E00892B7F /* UIView+Extensions.swift in Sources */ = {isa = PBXBuildFile; fileRef = 695D56C929072A3E00892B7F /* UIView+Extensions.swift */; };
		695D56CC2907C12500892B7F /* ArticleService.swift in Sources */ = {isa = PBXBuildFile; fileRef = 695D56CB2907C12500892B7F /* ArticleService.swift */; };
		695D56D02907C3C000892B7F /* WebClient.swift in Sources */ = {isa = PBXBuildFile; fileRef = 695D56CF2907C3C000892B7F /* WebClient.swift */; };
		695D56D22907C5FE00892B7F /* TrustEvaluator.swift in Sources */ = {isa = PBXBuildFile; fileRef = 695D56D12907C5FE00892B7F /* TrustEvaluator.swift */; };
		695D56D42907C61F00892B7F /* Service.swift in Sources */ = {isa = PBXBuildFile; fileRef = 695D56D32907C61F00892B7F /* Service.swift */; };
		695D56D62907C67C00892B7F /* DocumentRequestData.swift in Sources */ = {isa = PBXBuildFile; fileRef = 695D56D52907C67C00892B7F /* DocumentRequestData.swift */; };
		695D56D82907C6BD00892B7F /* DocumentDataConvertible.swift in Sources */ = {isa = PBXBuildFile; fileRef = 695D56D72907C6BD00892B7F /* DocumentDataConvertible.swift */; };
		695D56DA2907C6F700892B7F /* Convertible.swift in Sources */ = {isa = PBXBuildFile; fileRef = 695D56D92907C6F700892B7F /* Convertible.swift */; };
		695D56DC2907C71600892B7F /* RequestType.swift in Sources */ = {isa = PBXBuildFile; fileRef = 695D56DB2907C71600892B7F /* RequestType.swift */; };
		695D56DE2907C73F00892B7F /* BaseService.swift in Sources */ = {isa = PBXBuildFile; fileRef = 695D56DD2907C73F00892B7F /* BaseService.swift */; };
		695D56E02907C77000892B7F /* APIResponseConvertible.swift in Sources */ = {isa = PBXBuildFile; fileRef = 695D56DF2907C77000892B7F /* APIResponseConvertible.swift */; };
		695D56E22907C78B00892B7F /* APIResponse.swift in Sources */ = {isa = PBXBuildFile; fileRef = 695D56E12907C78B00892B7F /* APIResponse.swift */; };
		695D56E42907C7AA00892B7F /* APIEndpoint.swift in Sources */ = {isa = PBXBuildFile; fileRef = 695D56E32907C7AA00892B7F /* APIEndpoint.swift */; };
		695D56E62907C7CB00892B7F /* APIConfiguration.swift in Sources */ = {isa = PBXBuildFile; fileRef = 695D56E52907C7CB00892B7F /* APIConfiguration.swift */; };
		695D56E82907C84A00892B7F /* APIClient.swift in Sources */ = {isa = PBXBuildFile; fileRef = 695D56E72907C84A00892B7F /* APIClient.swift */; };
		695D56EA2907C88200892B7F /* NetworkErrorHandler.swift in Sources */ = {isa = PBXBuildFile; fileRef = 695D56E92907C88200892B7F /* NetworkErrorHandler.swift */; };
		6975253829086F09006989AF /* LoadingView.swift in Sources */ = {isa = PBXBuildFile; fileRef = 6975253729086F09006989AF /* LoadingView.swift */; };
		6975253B290871DA006989AF /* AppContainer.swift in Sources */ = {isa = PBXBuildFile; fileRef = 6975253A290871DA006989AF /* AppContainer.swift */; };
		6975253D290872DE006989AF /* UIViewController+Extensions.swift in Sources */ = {isa = PBXBuildFile; fileRef = 6975253C290872DE006989AF /* UIViewController+Extensions.swift */; };
		6975253F29087319006989AF /* UIStoryboard+Extensions.swift in Sources */ = {isa = PBXBuildFile; fileRef = 6975253E29087319006989AF /* UIStoryboard+Extensions.swift */; };
		69A65620290DC3930041BCCD /* ArticleListCellViewModel.swift in Sources */ = {isa = PBXBuildFile; fileRef = 69A6561F290DC3930041BCCD /* ArticleListCellViewModel.swift */; };
		69A65628290DE7390041BCCD /* ArticleDetailViewController.swift in Sources */ = {isa = PBXBuildFile; fileRef = 69A65627290DE7390041BCCD /* ArticleDetailViewController.swift */; };
		69A6562B290DE77C0041BCCD /* ArticleDetailViewModel.swift in Sources */ = {isa = PBXBuildFile; fileRef = 69A6562A290DE77C0041BCCD /* ArticleDetailViewModel.swift */; };
		69A6562D290DE7ED0041BCCD /* ArticleDetailView.swift in Sources */ = {isa = PBXBuildFile; fileRef = 69A6562C290DE7ED0041BCCD /* ArticleDetailView.swift */; };
		69A6562F290ED5BA0041BCCD /* UIImage+Extensions.swift in Sources */ = {isa = PBXBuildFile; fileRef = 69A6562E290ED5BA0041BCCD /* UIImage+Extensions.swift */; };
		69F038C6290AA07C001C8D49 /* Article.swift in Sources */ = {isa = PBXBuildFile; fileRef = 69F038C5290AA07C001C8D49 /* Article.swift */; };
		69F038C8290AA0B2001C8D49 /* ArticlesResponse.swift in Sources */ = {isa = PBXBuildFile; fileRef = 69F038C7290AA0B2001C8D49 /* ArticlesResponse.swift */; };
		69F038CA290AA0C1001C8D49 /* Media.swift in Sources */ = {isa = PBXBuildFile; fileRef = 69F038C9290AA0C1001C8D49 /* Media.swift */; };
		69F038CC290AA0DA001C8D49 /* MediaMetadata.swift in Sources */ = {isa = PBXBuildFile; fileRef = 69F038CB290AA0DA001C8D49 /* MediaMetadata.swift */; };
		69FE92AA2906907100F3F924 /* AppDelegate.swift in Sources */ = {isa = PBXBuildFile; fileRef = 69FE92A92906907100F3F924 /* AppDelegate.swift */; };
		69FE92AC2906907100F3F924 /* SceneDelegate.swift in Sources */ = {isa = PBXBuildFile; fileRef = 69FE92AB2906907100F3F924 /* SceneDelegate.swift */; };
		69FE92B12906907200F3F924 /* Main.storyboard in Resources */ = {isa = PBXBuildFile; fileRef = 69FE92AF2906907200F3F924 /* Main.storyboard */; };
		69FE92B32906907300F3F924 /* Assets.xcassets in Resources */ = {isa = PBXBuildFile; fileRef = 69FE92B22906907300F3F924 /* Assets.xcassets */; };
		69FE92B62906907300F3F924 /* LaunchScreen.storyboard in Resources */ = {isa = PBXBuildFile; fileRef = 69FE92B42906907300F3F924 /* LaunchScreen.storyboard */; };
		69FE92C12906907300F3F924 /* NY_Times_ArticlesTests.swift in Sources */ = {isa = PBXBuildFile; fileRef = 69FE92C02906907300F3F924 /* NY_Times_ArticlesTests.swift */; };
		69FE92CB2906907300F3F924 /* NY_Times_ArticlesUITests.swift in Sources */ = {isa = PBXBuildFile; fileRef = 69FE92CA2906907300F3F924 /* NY_Times_ArticlesUITests.swift */; };
		69FE92CD2906907300F3F924 /* NY_Times_ArticlesUITestsLaunchTests.swift in Sources */ = {isa = PBXBuildFile; fileRef = 69FE92CC2906907300F3F924 /* NY_Times_ArticlesUITestsLaunchTests.swift */; };
		69FE92E32906A06500F3F924 /* ArticlesListViewController.swift in Sources */ = {isa = PBXBuildFile; fileRef = 69FE92E22906A06500F3F924 /* ArticlesListViewController.swift */; };
		69FE92E52906A07F00F3F924 /* ArticlesListViewModel.swift in Sources */ = {isa = PBXBuildFile; fileRef = 69FE92E42906A07F00F3F924 /* ArticlesListViewModel.swift */; };
		69FE92F62906A3AC00F3F924 /* ArticlesListView.swift in Sources */ = {isa = PBXBuildFile; fileRef = 69FE92F52906A3AC00F3F924 /* ArticlesListView.swift */; };
		A57C2C2A815282B6DF122551 /* Pods_NY_Times_Articles_NY_Times_ArticlesUITests.framework in Frameworks */ = {isa = PBXBuildFile; fileRef = 2BCBA21E038342DA5D98017D /* Pods_NY_Times_Articles_NY_Times_ArticlesUITests.framework */; };
		AEA9B7520D7CAF0DDC55F89F /* Pods_NY_Times_ArticlesTests.framework in Frameworks */ = {isa = PBXBuildFile; fileRef = 7285B1B47CADE7E39F570E91 /* Pods_NY_Times_ArticlesTests.framework */; };
		BC50E950A722B70D3BD16DD2 /* Pods_NY_Times_Articles.framework in Frameworks */ = {isa = PBXBuildFile; fileRef = 859DD64A67CD6A9C8FA340E8 /* Pods_NY_Times_Articles.framework */; };
/* End PBXBuildFile section */

/* Begin PBXContainerItemProxy section */
		69FE92BD2906907300F3F924 /* PBXContainerItemProxy */ = {
			isa = PBXContainerItemProxy;
			containerPortal = 69FE929E2906907100F3F924 /* Project object */;
			proxyType = 1;
			remoteGlobalIDString = 69FE92A52906907100F3F924;
			remoteInfo = "NY Times Articles";
		};
		69FE92C72906907300F3F924 /* PBXContainerItemProxy */ = {
			isa = PBXContainerItemProxy;
			containerPortal = 69FE929E2906907100F3F924 /* Project object */;
			proxyType = 1;
			remoteGlobalIDString = 69FE92A52906907100F3F924;
			remoteInfo = "NY Times Articles";
		};
/* End PBXContainerItemProxy section */

/* Begin PBXFileReference section */
		21BB87D03AE4418347E2CFC8 /* Pods-NY Times Articles.release.xcconfig */ = {isa = PBXFileReference; includeInIndex = 1; lastKnownFileType = text.xcconfig; name = "Pods-NY Times Articles.release.xcconfig"; path = "Target Support Files/Pods-NY Times Articles/Pods-NY Times Articles.release.xcconfig"; sourceTree = "<group>"; };
		2B6357D9F8A517003FAA0060 /* Pods-NY Times Articles.debug.xcconfig */ = {isa = PBXFileReference; includeInIndex = 1; lastKnownFileType = text.xcconfig; name = "Pods-NY Times Articles.debug.xcconfig"; path = "Target Support Files/Pods-NY Times Articles/Pods-NY Times Articles.debug.xcconfig"; sourceTree = "<group>"; };
		2BCBA21E038342DA5D98017D /* Pods_NY_Times_Articles_NY_Times_ArticlesUITests.framework */ = {isa = PBXFileReference; explicitFileType = wrapper.framework; includeInIndex = 0; path = Pods_NY_Times_Articles_NY_Times_ArticlesUITests.framework; sourceTree = BUILT_PRODUCTS_DIR; };
		50B894E5841CD434CC7AC814 /* Pods-NY Times Articles-NY Times ArticlesUITests.debug.xcconfig */ = {isa = PBXFileReference; includeInIndex = 1; lastKnownFileType = text.xcconfig; name = "Pods-NY Times Articles-NY Times ArticlesUITests.debug.xcconfig"; path = "Target Support Files/Pods-NY Times Articles-NY Times ArticlesUITests/Pods-NY Times Articles-NY Times ArticlesUITests.debug.xcconfig"; sourceTree = "<group>"; };
		694B0148290EF2D800C49EC8 /* ArticleCoordinator.swift */ = {isa = PBXFileReference; lastKnownFileType = sourcecode.swift; path = ArticleCoordinator.swift; sourceTree = "<group>"; };
		695B6815290C62610010A568 /* Utils.swift */ = {isa = PBXFileReference; lastKnownFileType = sourcecode.swift; path = Utils.swift; sourceTree = "<group>"; };
		695B6817290C65310010A568 /* UITableViewCell+Extensions.swift */ = {isa = PBXFileReference; lastKnownFileType = sourcecode.swift; path = "UITableViewCell+Extensions.swift"; sourceTree = "<group>"; };
		695D56C62906B52B00892B7F /* ArticleListTableViewCell.swift */ = {isa = PBXFileReference; lastKnownFileType = sourcecode.swift; path = ArticleListTableViewCell.swift; sourceTree = "<group>"; };
		695D56C929072A3E00892B7F /* UIView+Extensions.swift */ = {isa = PBXFileReference; lastKnownFileType = sourcecode.swift; path = "UIView+Extensions.swift"; sourceTree = "<group>"; };
		695D56CB2907C12500892B7F /* ArticleService.swift */ = {isa = PBXFileReference; lastKnownFileType = sourcecode.swift; path = ArticleService.swift; sourceTree = "<group>"; };
		695D56CF2907C3C000892B7F /* WebClient.swift */ = {isa = PBXFileReference; lastKnownFileType = sourcecode.swift; path = WebClient.swift; sourceTree = "<group>"; };
		695D56D12907C5FE00892B7F /* TrustEvaluator.swift */ = {isa = PBXFileReference; lastKnownFileType = sourcecode.swift; path = TrustEvaluator.swift; sourceTree = "<group>"; };
		695D56D32907C61F00892B7F /* Service.swift */ = {isa = PBXFileReference; lastKnownFileType = sourcecode.swift; path = Service.swift; sourceTree = "<group>"; };
		695D56D52907C67C00892B7F /* DocumentRequestData.swift */ = {isa = PBXFileReference; lastKnownFileType = sourcecode.swift; path = DocumentRequestData.swift; sourceTree = "<group>"; };
		695D56D72907C6BD00892B7F /* DocumentDataConvertible.swift */ = {isa = PBXFileReference; lastKnownFileType = sourcecode.swift; path = DocumentDataConvertible.swift; sourceTree = "<group>"; };
		695D56D92907C6F700892B7F /* Convertible.swift */ = {isa = PBXFileReference; lastKnownFileType = sourcecode.swift; path = Convertible.swift; sourceTree = "<group>"; };
		695D56DB2907C71600892B7F /* RequestType.swift */ = {isa = PBXFileReference; lastKnownFileType = sourcecode.swift; path = RequestType.swift; sourceTree = "<group>"; };
		695D56DD2907C73F00892B7F /* BaseService.swift */ = {isa = PBXFileReference; lastKnownFileType = sourcecode.swift; path = BaseService.swift; sourceTree = "<group>"; };
		695D56DF2907C77000892B7F /* APIResponseConvertible.swift */ = {isa = PBXFileReference; lastKnownFileType = sourcecode.swift; path = APIResponseConvertible.swift; sourceTree = "<group>"; };
		695D56E12907C78B00892B7F /* APIResponse.swift */ = {isa = PBXFileReference; lastKnownFileType = sourcecode.swift; path = APIResponse.swift; sourceTree = "<group>"; };
		695D56E32907C7AA00892B7F /* APIEndpoint.swift */ = {isa = PBXFileReference; lastKnownFileType = sourcecode.swift; path = APIEndpoint.swift; sourceTree = "<group>"; };
		695D56E52907C7CB00892B7F /* APIConfiguration.swift */ = {isa = PBXFileReference; lastKnownFileType = sourcecode.swift; path = APIConfiguration.swift; sourceTree = "<group>"; };
		695D56E72907C84A00892B7F /* APIClient.swift */ = {isa = PBXFileReference; lastKnownFileType = sourcecode.swift; path = APIClient.swift; sourceTree = "<group>"; };
		695D56E92907C88200892B7F /* NetworkErrorHandler.swift */ = {isa = PBXFileReference; lastKnownFileType = sourcecode.swift; path = NetworkErrorHandler.swift; sourceTree = "<group>"; };
		6975253729086F09006989AF /* LoadingView.swift */ = {isa = PBXFileReference; lastKnownFileType = sourcecode.swift; path = LoadingView.swift; sourceTree = "<group>"; };
		6975253A290871DA006989AF /* AppContainer.swift */ = {isa = PBXFileReference; lastKnownFileType = sourcecode.swift; path = AppContainer.swift; sourceTree = "<group>"; };
		6975253C290872DE006989AF /* UIViewController+Extensions.swift */ = {isa = PBXFileReference; lastKnownFileType = sourcecode.swift; path = "UIViewController+Extensions.swift"; sourceTree = "<group>"; };
		6975253E29087319006989AF /* UIStoryboard+Extensions.swift */ = {isa = PBXFileReference; lastKnownFileType = sourcecode.swift; path = "UIStoryboard+Extensions.swift"; sourceTree = "<group>"; };
		69A6561F290DC3930041BCCD /* ArticleListCellViewModel.swift */ = {isa = PBXFileReference; lastKnownFileType = sourcecode.swift; path = ArticleListCellViewModel.swift; sourceTree = "<group>"; };
		69A65627290DE7390041BCCD /* ArticleDetailViewController.swift */ = {isa = PBXFileReference; lastKnownFileType = sourcecode.swift; path = ArticleDetailViewController.swift; sourceTree = "<group>"; };
		69A6562A290DE77C0041BCCD /* ArticleDetailViewModel.swift */ = {isa = PBXFileReference; lastKnownFileType = sourcecode.swift; path = ArticleDetailViewModel.swift; sourceTree = "<group>"; };
		69A6562C290DE7ED0041BCCD /* ArticleDetailView.swift */ = {isa = PBXFileReference; lastKnownFileType = sourcecode.swift; path = ArticleDetailView.swift; sourceTree = "<group>"; };
		69A6562E290ED5BA0041BCCD /* UIImage+Extensions.swift */ = {isa = PBXFileReference; lastKnownFileType = sourcecode.swift; path = "UIImage+Extensions.swift"; sourceTree = "<group>"; };
		69F038C5290AA07C001C8D49 /* Article.swift */ = {isa = PBXFileReference; lastKnownFileType = sourcecode.swift; path = Article.swift; sourceTree = "<group>"; };
		69F038C7290AA0B2001C8D49 /* ArticlesResponse.swift */ = {isa = PBXFileReference; lastKnownFileType = sourcecode.swift; path = ArticlesResponse.swift; sourceTree = "<group>"; };
		69F038C9290AA0C1001C8D49 /* Media.swift */ = {isa = PBXFileReference; lastKnownFileType = sourcecode.swift; path = Media.swift; sourceTree = "<group>"; };
		69F038CB290AA0DA001C8D49 /* MediaMetadata.swift */ = {isa = PBXFileReference; lastKnownFileType = sourcecode.swift; path = MediaMetadata.swift; sourceTree = "<group>"; };
		69FE92A62906907100F3F924 /* NY Times Articles.app */ = {isa = PBXFileReference; explicitFileType = wrapper.application; includeInIndex = 0; path = "NY Times Articles.app"; sourceTree = BUILT_PRODUCTS_DIR; };
		69FE92A92906907100F3F924 /* AppDelegate.swift */ = {isa = PBXFileReference; lastKnownFileType = sourcecode.swift; path = AppDelegate.swift; sourceTree = "<group>"; };
		69FE92AB2906907100F3F924 /* SceneDelegate.swift */ = {isa = PBXFileReference; lastKnownFileType = sourcecode.swift; path = SceneDelegate.swift; sourceTree = "<group>"; };
		69FE92B02906907200F3F924 /* Base */ = {isa = PBXFileReference; lastKnownFileType = file.storyboard; name = Base; path = Base.lproj/Main.storyboard; sourceTree = "<group>"; };
		69FE92B22906907300F3F924 /* Assets.xcassets */ = {isa = PBXFileReference; lastKnownFileType = folder.assetcatalog; path = Assets.xcassets; sourceTree = "<group>"; };
		69FE92B52906907300F3F924 /* Base */ = {isa = PBXFileReference; lastKnownFileType = file.storyboard; name = Base; path = Base.lproj/LaunchScreen.storyboard; sourceTree = "<group>"; };
		69FE92B72906907300F3F924 /* Info.plist */ = {isa = PBXFileReference; lastKnownFileType = text.plist.xml; path = Info.plist; sourceTree = "<group>"; };
		69FE92BC2906907300F3F924 /* NY Times ArticlesTests.xctest */ = {isa = PBXFileReference; explicitFileType = wrapper.cfbundle; includeInIndex = 0; path = "NY Times ArticlesTests.xctest"; sourceTree = BUILT_PRODUCTS_DIR; };
		69FE92C02906907300F3F924 /* NY_Times_ArticlesTests.swift */ = {isa = PBXFileReference; lastKnownFileType = sourcecode.swift; path = NY_Times_ArticlesTests.swift; sourceTree = "<group>"; };
		69FE92C62906907300F3F924 /* NY Times ArticlesUITests.xctest */ = {isa = PBXFileReference; explicitFileType = wrapper.cfbundle; includeInIndex = 0; path = "NY Times ArticlesUITests.xctest"; sourceTree = BUILT_PRODUCTS_DIR; };
		69FE92CA2906907300F3F924 /* NY_Times_ArticlesUITests.swift */ = {isa = PBXFileReference; lastKnownFileType = sourcecode.swift; path = NY_Times_ArticlesUITests.swift; sourceTree = "<group>"; };
		69FE92CC2906907300F3F924 /* NY_Times_ArticlesUITestsLaunchTests.swift */ = {isa = PBXFileReference; lastKnownFileType = sourcecode.swift; path = NY_Times_ArticlesUITestsLaunchTests.swift; sourceTree = "<group>"; };
		69FE92E22906A06500F3F924 /* ArticlesListViewController.swift */ = {isa = PBXFileReference; lastKnownFileType = sourcecode.swift; path = ArticlesListViewController.swift; sourceTree = "<group>"; };
		69FE92E42906A07F00F3F924 /* ArticlesListViewModel.swift */ = {isa = PBXFileReference; lastKnownFileType = sourcecode.swift; path = ArticlesListViewModel.swift; sourceTree = "<group>"; };
		69FE92F52906A3AC00F3F924 /* ArticlesListView.swift */ = {isa = PBXFileReference; lastKnownFileType = sourcecode.swift; path = ArticlesListView.swift; sourceTree = "<group>"; };
		7285B1B47CADE7E39F570E91 /* Pods_NY_Times_ArticlesTests.framework */ = {isa = PBXFileReference; explicitFileType = wrapper.framework; includeInIndex = 0; path = Pods_NY_Times_ArticlesTests.framework; sourceTree = BUILT_PRODUCTS_DIR; };
		778FEDF565FE2FEE06BB347D /* Pods-NY Times ArticlesTests.debug.xcconfig */ = {isa = PBXFileReference; includeInIndex = 1; lastKnownFileType = text.xcconfig; name = "Pods-NY Times ArticlesTests.debug.xcconfig"; path = "Target Support Files/Pods-NY Times ArticlesTests/Pods-NY Times ArticlesTests.debug.xcconfig"; sourceTree = "<group>"; };
		859DD64A67CD6A9C8FA340E8 /* Pods_NY_Times_Articles.framework */ = {isa = PBXFileReference; explicitFileType = wrapper.framework; includeInIndex = 0; path = Pods_NY_Times_Articles.framework; sourceTree = BUILT_PRODUCTS_DIR; };
		A9BBAE2698378949A1D8B8A1 /* Pods-NY Times Articles-NY Times ArticlesUITests.release.xcconfig */ = {isa = PBXFileReference; includeInIndex = 1; lastKnownFileType = text.xcconfig; name = "Pods-NY Times Articles-NY Times ArticlesUITests.release.xcconfig"; path = "Target Support Files/Pods-NY Times Articles-NY Times ArticlesUITests/Pods-NY Times Articles-NY Times ArticlesUITests.release.xcconfig"; sourceTree = "<group>"; };
		F9C281041A0680FFD3DA177D /* Pods-NY Times ArticlesTests.release.xcconfig */ = {isa = PBXFileReference; includeInIndex = 1; lastKnownFileType = text.xcconfig; name = "Pods-NY Times ArticlesTests.release.xcconfig"; path = "Target Support Files/Pods-NY Times ArticlesTests/Pods-NY Times ArticlesTests.release.xcconfig"; sourceTree = "<group>"; };
/* End PBXFileReference section */

/* Begin PBXFrameworksBuildPhase section */
		69FE92A32906907100F3F924 /* Frameworks */ = {
			isa = PBXFrameworksBuildPhase;
			buildActionMask = 2147483647;
			files = (
				BC50E950A722B70D3BD16DD2 /* Pods_NY_Times_Articles.framework in Frameworks */,
			);
			runOnlyForDeploymentPostprocessing = 0;
		};
		69FE92B92906907300F3F924 /* Frameworks */ = {
			isa = PBXFrameworksBuildPhase;
			buildActionMask = 2147483647;
			files = (
				AEA9B7520D7CAF0DDC55F89F /* Pods_NY_Times_ArticlesTests.framework in Frameworks */,
			);
			runOnlyForDeploymentPostprocessing = 0;
		};
		69FE92C32906907300F3F924 /* Frameworks */ = {
			isa = PBXFrameworksBuildPhase;
			buildActionMask = 2147483647;
			files = (
				A57C2C2A815282B6DF122551 /* Pods_NY_Times_Articles_NY_Times_ArticlesUITests.framework in Frameworks */,
			);
			runOnlyForDeploymentPostprocessing = 0;
		};
/* End PBXFrameworksBuildPhase section */

/* Begin PBXGroup section */
		5EE057ED427A9A960BEAC99F /* Pods */ = {
			isa = PBXGroup;
			children = (
				2B6357D9F8A517003FAA0060 /* Pods-NY Times Articles.debug.xcconfig */,
				21BB87D03AE4418347E2CFC8 /* Pods-NY Times Articles.release.xcconfig */,
				50B894E5841CD434CC7AC814 /* Pods-NY Times Articles-NY Times ArticlesUITests.debug.xcconfig */,
				A9BBAE2698378949A1D8B8A1 /* Pods-NY Times Articles-NY Times ArticlesUITests.release.xcconfig */,
				778FEDF565FE2FEE06BB347D /* Pods-NY Times ArticlesTests.debug.xcconfig */,
				F9C281041A0680FFD3DA177D /* Pods-NY Times ArticlesTests.release.xcconfig */,
			);
			path = Pods;
			sourceTree = "<group>";
		};
		694B0147290EF2BC00C49EC8 /* Coordinators */ = {
			isa = PBXGroup;
			children = (
				694B0148290EF2D800C49EC8 /* ArticleCoordinator.swift */,
			);
			path = Coordinators;
			sourceTree = "<group>";
		};
		695B6814290C62510010A568 /* Helpers */ = {
			isa = PBXGroup;
			children = (
				695B6815290C62610010A568 /* Utils.swift */,
			);
			path = Helpers;
			sourceTree = "<group>";
		};
		695D56C829072A2900892B7F /* Extensions */ = {
			isa = PBXGroup;
			children = (
				695D56C929072A3E00892B7F /* UIView+Extensions.swift */,
				6975253C290872DE006989AF /* UIViewController+Extensions.swift */,
				6975253E29087319006989AF /* UIStoryboard+Extensions.swift */,
				695B6817290C65310010A568 /* UITableViewCell+Extensions.swift */,
				69A6562E290ED5BA0041BCCD /* UIImage+Extensions.swift */,
			);
			path = Extensions;
			sourceTree = "<group>";
		};
		695D56CD2907C37600892B7F /* Networking */ = {
			isa = PBXGroup;
			children = (
				695D56CF2907C3C000892B7F /* WebClient.swift */,
				695D56D12907C5FE00892B7F /* TrustEvaluator.swift */,
				695D56D32907C61F00892B7F /* Service.swift */,
				695D56D52907C67C00892B7F /* DocumentRequestData.swift */,
				695D56D72907C6BD00892B7F /* DocumentDataConvertible.swift */,
				695D56D92907C6F700892B7F /* Convertible.swift */,
				695D56DB2907C71600892B7F /* RequestType.swift */,
				695D56DD2907C73F00892B7F /* BaseService.swift */,
				695D56DF2907C77000892B7F /* APIResponseConvertible.swift */,
				695D56E12907C78B00892B7F /* APIResponse.swift */,
				695D56E32907C7AA00892B7F /* APIEndpoint.swift */,
				695D56E52907C7CB00892B7F /* APIConfiguration.swift */,
				695D56E72907C84A00892B7F /* APIClient.swift */,
				695D56E92907C88200892B7F /* NetworkErrorHandler.swift */,
			);
			path = Networking;
			sourceTree = "<group>";
		};
		695D56CE2907C3AE00892B7F /* Modules */ = {
			isa = PBXGroup;
			children = (
				695D56CD2907C37600892B7F /* Networking */,
			);
			path = Modules;
			sourceTree = "<group>";
		};
		695D56EB2907D89B00892B7F /* Services */ = {
			isa = PBXGroup;
			children = (
				695D56CB2907C12500892B7F /* ArticleService.swift */,
			);
			path = Services;
			sourceTree = "<group>";
		};
		6975253629086EC5006989AF /* Components */ = {
			isa = PBXGroup;
			children = (
				6975253729086F09006989AF /* LoadingView.swift */,
			);
			path = Components;
			sourceTree = "<group>";
		};
		69752539290870B1006989AF /* Containers */ = {
			isa = PBXGroup;
			children = (
				6975253A290871DA006989AF /* AppContainer.swift */,
			);
			path = Containers;
			sourceTree = "<group>";
		};
		69A65621290DC5DB0041BCCD /* ArticleDetail */ = {
			isa = PBXGroup;
			children = (
				69A65629290DE73E0041BCCD /* ViewModels */,
				69A65624290DE7180041BCCD /* Views */,
			);
			path = ArticleDetail;
			sourceTree = "<group>";
		};
		69A65624290DE7180041BCCD /* Views */ = {
			isa = PBXGroup;
			children = (
				69A65627290DE7390041BCCD /* ArticleDetailViewController.swift */,
				69A6562C290DE7ED0041BCCD /* ArticleDetailView.swift */,
			);
			path = Views;
			sourceTree = "<group>";
		};
		69A65629290DE73E0041BCCD /* ViewModels */ = {
			isa = PBXGroup;
			children = (
				69A6562A290DE77C0041BCCD /* ArticleDetailViewModel.swift */,
			);
			path = ViewModels;
			sourceTree = "<group>";
		};
		69FE929D2906907100F3F924 = {
			isa = PBXGroup;
			children = (
				69FE92A82906907100F3F924 /* NY Times Articles */,
				69FE92BF2906907300F3F924 /* NY Times ArticlesTests */,
				69FE92C92906907300F3F924 /* NY Times ArticlesUITests */,
				69FE92A72906907100F3F924 /* Products */,
				5EE057ED427A9A960BEAC99F /* Pods */,
				F87934729BED6910E9997BB6 /* Frameworks */,
			);
			sourceTree = "<group>";
		};
		69FE92A72906907100F3F924 /* Products */ = {
			isa = PBXGroup;
			children = (
				69FE92A62906907100F3F924 /* NY Times Articles.app */,
				69FE92BC2906907300F3F924 /* NY Times ArticlesTests.xctest */,
				69FE92C62906907300F3F924 /* NY Times ArticlesUITests.xctest */,
			);
			name = Products;
			sourceTree = "<group>";
		};
		69FE92A82906907100F3F924 /* NY Times Articles */ = {
			isa = PBXGroup;
			children = (
				694B0147290EF2BC00C49EC8 /* Coordinators */,
				695B6814290C62510010A568 /* Helpers */,
				69FE92B72906907300F3F924 /* Info.plist */,
				69752539290870B1006989AF /* Containers */,
				6975253629086EC5006989AF /* Components */,
				695D56EB2907D89B00892B7F /* Services */,
				695D56CE2907C3AE00892B7F /* Modules */,
				695D56C829072A2900892B7F /* Extensions */,
				69FE92DF29069FDF00F3F924 /* Models */,
				69FE92DD29069F9E00F3F924 /* Scenes */,
				69FE92DC29069F3700F3F924 /* App Lifecycle */,
				69FE92D929069EE500F3F924 /* Storyboard */,
				69FE92DA29069EF800F3F924 /* Resources */,
			);
			path = "NY Times Articles";
			sourceTree = "<group>";
		};
		69FE92BF2906907300F3F924 /* NY Times ArticlesTests */ = {
			isa = PBXGroup;
			children = (
				69FE92C02906907300F3F924 /* NY_Times_ArticlesTests.swift */,
			);
			path = "NY Times ArticlesTests";
			sourceTree = "<group>";
		};
		69FE92C92906907300F3F924 /* NY Times ArticlesUITests */ = {
			isa = PBXGroup;
			children = (
				69FE92CA2906907300F3F924 /* NY_Times_ArticlesUITests.swift */,
				69FE92CC2906907300F3F924 /* NY_Times_ArticlesUITestsLaunchTests.swift */,
			);
			path = "NY Times ArticlesUITests";
			sourceTree = "<group>";
		};
		69FE92D929069EE500F3F924 /* Storyboard */ = {
			isa = PBXGroup;
			children = (
				69FE92AF2906907200F3F924 /* Main.storyboard */,
				69FE92B42906907300F3F924 /* LaunchScreen.storyboard */,
			);
			path = Storyboard;
			sourceTree = "<group>";
		};
		69FE92DA29069EF800F3F924 /* Resources */ = {
			isa = PBXGroup;
			children = (
				69FE92B22906907300F3F924 /* Assets.xcassets */,
			);
			path = Resources;
			sourceTree = "<group>";
		};
		69FE92DC29069F3700F3F924 /* App Lifecycle */ = {
			isa = PBXGroup;
			children = (
				69FE92A92906907100F3F924 /* AppDelegate.swift */,
				69FE92AB2906907100F3F924 /* SceneDelegate.swift */,
			);
			path = "App Lifecycle";
			sourceTree = "<group>";
		};
		69FE92DD29069F9E00F3F924 /* Scenes */ = {
			isa = PBXGroup;
			children = (
				69A65621290DC5DB0041BCCD /* ArticleDetail */,
				69FE92DE29069FC000F3F924 /* ArticlesList */,
			);
			path = Scenes;
			sourceTree = "<group>";
		};
		69FE92DE29069FC000F3F924 /* ArticlesList */ = {
			isa = PBXGroup;
			children = (
				69FE92E12906A03D00F3F924 /* ViewModels */,
				69FE92E02906A03100F3F924 /* Views */,
			);
			path = ArticlesList;
			sourceTree = "<group>";
		};
		69FE92DF29069FDF00F3F924 /* Models */ = {
			isa = PBXGroup;
			children = (
				69F038C5290AA07C001C8D49 /* Article.swift */,
				69F038C7290AA0B2001C8D49 /* ArticlesResponse.swift */,
				69F038C9290AA0C1001C8D49 /* Media.swift */,
				69F038CB290AA0DA001C8D49 /* MediaMetadata.swift */,
			);
			path = Models;
			sourceTree = "<group>";
		};
		69FE92E02906A03100F3F924 /* Views */ = {
			isa = PBXGroup;
			children = (
				69FE92E22906A06500F3F924 /* ArticlesListViewController.swift */,
				69FE92F52906A3AC00F3F924 /* ArticlesListView.swift */,
				695D56C62906B52B00892B7F /* ArticleListTableViewCell.swift */,
			);
			path = Views;
			sourceTree = "<group>";
		};
		69FE92E12906A03D00F3F924 /* ViewModels */ = {
			isa = PBXGroup;
			children = (
				69FE92E42906A07F00F3F924 /* ArticlesListViewModel.swift */,
				69A6561F290DC3930041BCCD /* ArticleListCellViewModel.swift */,
			);
			path = ViewModels;
			sourceTree = "<group>";
		};
		F87934729BED6910E9997BB6 /* Frameworks */ = {
			isa = PBXGroup;
			children = (
				859DD64A67CD6A9C8FA340E8 /* Pods_NY_Times_Articles.framework */,
				2BCBA21E038342DA5D98017D /* Pods_NY_Times_Articles_NY_Times_ArticlesUITests.framework */,
				7285B1B47CADE7E39F570E91 /* Pods_NY_Times_ArticlesTests.framework */,
			);
			name = Frameworks;
			sourceTree = "<group>";
		};
/* End PBXGroup section */

/* Begin PBXNativeTarget section */
		69FE92A52906907100F3F924 /* NY Times Articles */ = {
			isa = PBXNativeTarget;
			buildConfigurationList = 69FE92D02906907300F3F924 /* Build configuration list for PBXNativeTarget "NY Times Articles" */;
			buildPhases = (
				47B760AE3532DCBD28AD7E11 /* [CP] Check Pods Manifest.lock */,
				69FE92A22906907100F3F924 /* Sources */,
				69FE92A32906907100F3F924 /* Frameworks */,
				69FE92A42906907100F3F924 /* Resources */,
				E999B67CF3BE807E05F23A63 /* [CP] Embed Pods Frameworks */,
			);
			buildRules = (
			);
			dependencies = (
			);
			name = "NY Times Articles";
			productName = "NY Times Articles";
			productReference = 69FE92A62906907100F3F924 /* NY Times Articles.app */;
			productType = "com.apple.product-type.application";
		};
		69FE92BB2906907300F3F924 /* NY Times ArticlesTests */ = {
			isa = PBXNativeTarget;
			buildConfigurationList = 69FE92D32906907300F3F924 /* Build configuration list for PBXNativeTarget "NY Times ArticlesTests" */;
			buildPhases = (
				AC1C2380CCE7E00C8C18F0C2 /* [CP] Check Pods Manifest.lock */,
				69FE92B82906907300F3F924 /* Sources */,
				69FE92B92906907300F3F924 /* Frameworks */,
				69FE92BA2906907300F3F924 /* Resources */,
			);
			buildRules = (
			);
			dependencies = (
				69FE92BE2906907300F3F924 /* PBXTargetDependency */,
			);
			name = "NY Times ArticlesTests";
			productName = "NY Times ArticlesTests";
			productReference = 69FE92BC2906907300F3F924 /* NY Times ArticlesTests.xctest */;
			productType = "com.apple.product-type.bundle.unit-test";
		};
		69FE92C52906907300F3F924 /* NY Times ArticlesUITests */ = {
			isa = PBXNativeTarget;
			buildConfigurationList = 69FE92D62906907300F3F924 /* Build configuration list for PBXNativeTarget "NY Times ArticlesUITests" */;
			buildPhases = (
				023D3C76D4D1FF58079C6CF6 /* [CP] Check Pods Manifest.lock */,
				69FE92C22906907300F3F924 /* Sources */,
				69FE92C32906907300F3F924 /* Frameworks */,
				69FE92C42906907300F3F924 /* Resources */,
				5CD5366CF7A37E575BC92DA7 /* [CP] Embed Pods Frameworks */,
			);
			buildRules = (
			);
			dependencies = (
				69FE92C82906907300F3F924 /* PBXTargetDependency */,
			);
			name = "NY Times ArticlesUITests";
			productName = "NY Times ArticlesUITests";
			productReference = 69FE92C62906907300F3F924 /* NY Times ArticlesUITests.xctest */;
			productType = "com.apple.product-type.bundle.ui-testing";
		};
/* End PBXNativeTarget section */

/* Begin PBXProject section */
		69FE929E2906907100F3F924 /* Project object */ = {
			isa = PBXProject;
			attributes = {
				BuildIndependentTargetsInParallel = 1;
				LastSwiftUpdateCheck = 1320;
				LastUpgradeCheck = 1320;
				TargetAttributes = {
					69FE92A52906907100F3F924 = {
						CreatedOnToolsVersion = 13.2.1;
					};
					69FE92BB2906907300F3F924 = {
						CreatedOnToolsVersion = 13.2.1;
						TestTargetID = 69FE92A52906907100F3F924;
					};
					69FE92C52906907300F3F924 = {
						CreatedOnToolsVersion = 13.2.1;
						TestTargetID = 69FE92A52906907100F3F924;
					};
				};
			};
			buildConfigurationList = 69FE92A12906907100F3F924 /* Build configuration list for PBXProject "NY Times Articles" */;
			compatibilityVersion = "Xcode 13.0";
			developmentRegion = en;
			hasScannedForEncodings = 0;
			knownRegions = (
				en,
				Base,
			);
			mainGroup = 69FE929D2906907100F3F924;
			productRefGroup = 69FE92A72906907100F3F924 /* Products */;
			projectDirPath = "";
			projectRoot = "";
			targets = (
				69FE92A52906907100F3F924 /* NY Times Articles */,
				69FE92BB2906907300F3F924 /* NY Times ArticlesTests */,
				69FE92C52906907300F3F924 /* NY Times ArticlesUITests */,
			);
		};
/* End PBXProject section */

/* Begin PBXResourcesBuildPhase section */
		69FE92A42906907100F3F924 /* Resources */ = {
			isa = PBXResourcesBuildPhase;
			buildActionMask = 2147483647;
			files = (
				69FE92B62906907300F3F924 /* LaunchScreen.storyboard in Resources */,
				69FE92B32906907300F3F924 /* Assets.xcassets in Resources */,
				69FE92B12906907200F3F924 /* Main.storyboard in Resources */,
			);
			runOnlyForDeploymentPostprocessing = 0;
		};
		69FE92BA2906907300F3F924 /* Resources */ = {
			isa = PBXResourcesBuildPhase;
			buildActionMask = 2147483647;
			files = (
			);
			runOnlyForDeploymentPostprocessing = 0;
		};
		69FE92C42906907300F3F924 /* Resources */ = {
			isa = PBXResourcesBuildPhase;
			buildActionMask = 2147483647;
			files = (
			);
			runOnlyForDeploymentPostprocessing = 0;
		};
/* End PBXResourcesBuildPhase section */

/* Begin PBXShellScriptBuildPhase section */
		023D3C76D4D1FF58079C6CF6 /* [CP] Check Pods Manifest.lock */ = {
			isa = PBXShellScriptBuildPhase;
			buildActionMask = 2147483647;
			files = (
			);
			inputFileListPaths = (
			);
			inputPaths = (
				"${PODS_PODFILE_DIR_PATH}/Podfile.lock",
				"${PODS_ROOT}/Manifest.lock",
			);
			name = "[CP] Check Pods Manifest.lock";
			outputFileListPaths = (
			);
			outputPaths = (
				"$(DERIVED_FILE_DIR)/Pods-NY Times Articles-NY Times ArticlesUITests-checkManifestLockResult.txt",
			);
			runOnlyForDeploymentPostprocessing = 0;
			shellPath = /bin/sh;
			shellScript = "diff \"${PODS_PODFILE_DIR_PATH}/Podfile.lock\" \"${PODS_ROOT}/Manifest.lock\" > /dev/null\nif [ $? != 0 ] ; then\n    # print error to STDERR\n    echo \"error: The sandbox is not in sync with the Podfile.lock. Run 'pod install' or update your CocoaPods installation.\" >&2\n    exit 1\nfi\n# This output is used by Xcode 'outputs' to avoid re-running this script phase.\necho \"SUCCESS\" > \"${SCRIPT_OUTPUT_FILE_0}\"\n";
			showEnvVarsInLog = 0;
		};
		47B760AE3532DCBD28AD7E11 /* [CP] Check Pods Manifest.lock */ = {
			isa = PBXShellScriptBuildPhase;
			buildActionMask = 2147483647;
			files = (
			);
			inputFileListPaths = (
			);
			inputPaths = (
				"${PODS_PODFILE_DIR_PATH}/Podfile.lock",
				"${PODS_ROOT}/Manifest.lock",
			);
			name = "[CP] Check Pods Manifest.lock";
			outputFileListPaths = (
			);
			outputPaths = (
				"$(DERIVED_FILE_DIR)/Pods-NY Times Articles-checkManifestLockResult.txt",
			);
			runOnlyForDeploymentPostprocessing = 0;
			shellPath = /bin/sh;
			shellScript = "diff \"${PODS_PODFILE_DIR_PATH}/Podfile.lock\" \"${PODS_ROOT}/Manifest.lock\" > /dev/null\nif [ $? != 0 ] ; then\n    # print error to STDERR\n    echo \"error: The sandbox is not in sync with the Podfile.lock. Run 'pod install' or update your CocoaPods installation.\" >&2\n    exit 1\nfi\n# This output is used by Xcode 'outputs' to avoid re-running this script phase.\necho \"SUCCESS\" > \"${SCRIPT_OUTPUT_FILE_0}\"\n";
			showEnvVarsInLog = 0;
		};
		5CD5366CF7A37E575BC92DA7 /* [CP] Embed Pods Frameworks */ = {
			isa = PBXShellScriptBuildPhase;
			buildActionMask = 2147483647;
			files = (
			);
			inputFileListPaths = (
				"${PODS_ROOT}/Target Support Files/Pods-NY Times Articles-NY Times ArticlesUITests/Pods-NY Times Articles-NY Times ArticlesUITests-frameworks-${CONFIGURATION}-input-files.xcfilelist",
			);
			name = "[CP] Embed Pods Frameworks";
			outputFileListPaths = (
				"${PODS_ROOT}/Target Support Files/Pods-NY Times Articles-NY Times ArticlesUITests/Pods-NY Times Articles-NY Times ArticlesUITests-frameworks-${CONFIGURATION}-output-files.xcfilelist",
			);
			runOnlyForDeploymentPostprocessing = 0;
			shellPath = /bin/sh;
			shellScript = "\"${PODS_ROOT}/Target Support Files/Pods-NY Times Articles-NY Times ArticlesUITests/Pods-NY Times Articles-NY Times ArticlesUITests-frameworks.sh\"\n";
			showEnvVarsInLog = 0;
		};
		AC1C2380CCE7E00C8C18F0C2 /* [CP] Check Pods Manifest.lock */ = {
			isa = PBXShellScriptBuildPhase;
			buildActionMask = 2147483647;
			files = (
			);
			inputFileListPaths = (
			);
			inputPaths = (
				"${PODS_PODFILE_DIR_PATH}/Podfile.lock",
				"${PODS_ROOT}/Manifest.lock",
			);
			name = "[CP] Check Pods Manifest.lock";
			outputFileListPaths = (
			);
			outputPaths = (
				"$(DERIVED_FILE_DIR)/Pods-NY Times ArticlesTests-checkManifestLockResult.txt",
			);
			runOnlyForDeploymentPostprocessing = 0;
			shellPath = /bin/sh;
			shellScript = "diff \"${PODS_PODFILE_DIR_PATH}/Podfile.lock\" \"${PODS_ROOT}/Manifest.lock\" > /dev/null\nif [ $? != 0 ] ; then\n    # print error to STDERR\n    echo \"error: The sandbox is not in sync with the Podfile.lock. Run 'pod install' or update your CocoaPods installation.\" >&2\n    exit 1\nfi\n# This output is used by Xcode 'outputs' to avoid re-running this script phase.\necho \"SUCCESS\" > \"${SCRIPT_OUTPUT_FILE_0}\"\n";
			showEnvVarsInLog = 0;
		};
		E999B67CF3BE807E05F23A63 /* [CP] Embed Pods Frameworks */ = {
			isa = PBXShellScriptBuildPhase;
			buildActionMask = 2147483647;
			files = (
			);
			inputFileListPaths = (
				"${PODS_ROOT}/Target Support Files/Pods-NY Times Articles/Pods-NY Times Articles-frameworks-${CONFIGURATION}-input-files.xcfilelist",
			);
			name = "[CP] Embed Pods Frameworks";
			outputFileListPaths = (
				"${PODS_ROOT}/Target Support Files/Pods-NY Times Articles/Pods-NY Times Articles-frameworks-${CONFIGURATION}-output-files.xcfilelist",
			);
			runOnlyForDeploymentPostprocessing = 0;
			shellPath = /bin/sh;
			shellScript = "\"${PODS_ROOT}/Target Support Files/Pods-NY Times Articles/Pods-NY Times Articles-frameworks.sh\"\n";
			showEnvVarsInLog = 0;
		};
/* End PBXShellScriptBuildPhase section */

/* Begin PBXSourcesBuildPhase section */
		69FE92A22906907100F3F924 /* Sources */ = {
			isa = PBXSourcesBuildPhase;
			buildActionMask = 2147483647;
			files = (
				69A6562F290ED5BA0041BCCD /* UIImage+Extensions.swift in Sources */,
				695D56CC2907C12500892B7F /* ArticleService.swift in Sources */,
				695D56CA29072A3E00892B7F /* UIView+Extensions.swift in Sources */,
				69F038C6290AA07C001C8D49 /* Article.swift in Sources */,
				695D56D62907C67C00892B7F /* DocumentRequestData.swift in Sources */,
				69A65628290DE7390041BCCD /* ArticleDetailViewController.swift in Sources */,
				695D56DA2907C6F700892B7F /* Convertible.swift in Sources */,
				695D56D82907C6BD00892B7F /* DocumentDataConvertible.swift in Sources */,
				695D56D02907C3C000892B7F /* WebClient.swift in Sources */,
				69F038C8290AA0B2001C8D49 /* ArticlesResponse.swift in Sources */,
				69FE92AA2906907100F3F924 /* AppDelegate.swift in Sources */,
				695D56E62907C7CB00892B7F /* APIConfiguration.swift in Sources */,
				695D56E82907C84A00892B7F /* APIClient.swift in Sources */,
				69F038CA290AA0C1001C8D49 /* Media.swift in Sources */,
				69FE92E52906A07F00F3F924 /* ArticlesListViewModel.swift in Sources */,
				694B0149290EF2D800C49EC8 /* ArticleCoordinator.swift in Sources */,
				69F038CC290AA0DA001C8D49 /* MediaMetadata.swift in Sources */,
				695B6818290C65310010A568 /* UITableViewCell+Extensions.swift in Sources */,
				6975253F29087319006989AF /* UIStoryboard+Extensions.swift in Sources */,
				695D56EA2907C88200892B7F /* NetworkErrorHandler.swift in Sources */,
				69A6562B290DE77C0041BCCD /* ArticleDetailViewModel.swift in Sources */,
				695D56E42907C7AA00892B7F /* APIEndpoint.swift in Sources */,
				6975253D290872DE006989AF /* UIViewController+Extensions.swift in Sources */,
				695D56DE2907C73F00892B7F /* BaseService.swift in Sources */,
				695D56C72906B52B00892B7F /* ArticleListTableViewCell.swift in Sources */,
				695D56D22907C5FE00892B7F /* TrustEvaluator.swift in Sources */,
				69A6562D290DE7ED0041BCCD /* ArticleDetailView.swift in Sources */,
				695B6816290C62610010A568 /* Utils.swift in Sources */,
				695D56E02907C77000892B7F /* APIResponseConvertible.swift in Sources */,
				69FE92AC2906907100F3F924 /* SceneDelegate.swift in Sources */,
				6975253B290871DA006989AF /* AppContainer.swift in Sources */,
				695D56D42907C61F00892B7F /* Service.swift in Sources */,
				69FE92E32906A06500F3F924 /* ArticlesListViewController.swift in Sources */,
				69FE92F62906A3AC00F3F924 /* ArticlesListView.swift in Sources */,
				695D56DC2907C71600892B7F /* RequestType.swift in Sources */,
				695D56E22907C78B00892B7F /* APIResponse.swift in Sources */,
				69A65620290DC3930041BCCD /* ArticleListCellViewModel.swift in Sources */,
				6975253829086F09006989AF /* LoadingView.swift in Sources */,
			);
			runOnlyForDeploymentPostprocessing = 0;
		};
		69FE92B82906907300F3F924 /* Sources */ = {
			isa = PBXSourcesBuildPhase;
			buildActionMask = 2147483647;
			files = (
				69FE92C12906907300F3F924 /* NY_Times_ArticlesTests.swift in Sources */,
			);
			runOnlyForDeploymentPostprocessing = 0;
		};
		69FE92C22906907300F3F924 /* Sources */ = {
			isa = PBXSourcesBuildPhase;
			buildActionMask = 2147483647;
			files = (
				69FE92CB2906907300F3F924 /* NY_Times_ArticlesUITests.swift in Sources */,
				69FE92CD2906907300F3F924 /* NY_Times_ArticlesUITestsLaunchTests.swift in Sources */,
			);
			runOnlyForDeploymentPostprocessing = 0;
		};
/* End PBXSourcesBuildPhase section */

/* Begin PBXTargetDependency section */
		69FE92BE2906907300F3F924 /* PBXTargetDependency */ = {
			isa = PBXTargetDependency;
			target = 69FE92A52906907100F3F924 /* NY Times Articles */;
			targetProxy = 69FE92BD2906907300F3F924 /* PBXContainerItemProxy */;
		};
		69FE92C82906907300F3F924 /* PBXTargetDependency */ = {
			isa = PBXTargetDependency;
			target = 69FE92A52906907100F3F924 /* NY Times Articles */;
			targetProxy = 69FE92C72906907300F3F924 /* PBXContainerItemProxy */;
		};
/* End PBXTargetDependency section */

/* Begin PBXVariantGroup section */
		69FE92AF2906907200F3F924 /* Main.storyboard */ = {
			isa = PBXVariantGroup;
			children = (
				69FE92B02906907200F3F924 /* Base */,
			);
			name = Main.storyboard;
			sourceTree = "<group>";
		};
		69FE92B42906907300F3F924 /* LaunchScreen.storyboard */ = {
			isa = PBXVariantGroup;
			children = (
				69FE92B52906907300F3F924 /* Base */,
			);
			name = LaunchScreen.storyboard;
			sourceTree = "<group>";
		};
/* End PBXVariantGroup section */

/* Begin XCBuildConfiguration section */
		69FE92CE2906907300F3F924 /* Debug */ = {
			isa = XCBuildConfiguration;
			buildSettings = {
				ALWAYS_SEARCH_USER_PATHS = NO;
				CLANG_ANALYZER_NONNULL = YES;
				CLANG_ANALYZER_NUMBER_OBJECT_CONVERSION = YES_AGGRESSIVE;
				CLANG_CXX_LANGUAGE_STANDARD = "gnu++17";
				CLANG_CXX_LIBRARY = "libc++";
				CLANG_ENABLE_MODULES = YES;
				CLANG_ENABLE_OBJC_ARC = YES;
				CLANG_ENABLE_OBJC_WEAK = YES;
				CLANG_WARN_BLOCK_CAPTURE_AUTORELEASING = YES;
				CLANG_WARN_BOOL_CONVERSION = YES;
				CLANG_WARN_COMMA = YES;
				CLANG_WARN_CONSTANT_CONVERSION = YES;
				CLANG_WARN_DEPRECATED_OBJC_IMPLEMENTATIONS = YES;
				CLANG_WARN_DIRECT_OBJC_ISA_USAGE = YES_ERROR;
				CLANG_WARN_DOCUMENTATION_COMMENTS = YES;
				CLANG_WARN_EMPTY_BODY = YES;
				CLANG_WARN_ENUM_CONVERSION = YES;
				CLANG_WARN_INFINITE_RECURSION = YES;
				CLANG_WARN_INT_CONVERSION = YES;
				CLANG_WARN_NON_LITERAL_NULL_CONVERSION = YES;
				CLANG_WARN_OBJC_IMPLICIT_RETAIN_SELF = YES;
				CLANG_WARN_OBJC_LITERAL_CONVERSION = YES;
				CLANG_WARN_OBJC_ROOT_CLASS = YES_ERROR;
				CLANG_WARN_QUOTED_INCLUDE_IN_FRAMEWORK_HEADER = YES;
				CLANG_WARN_RANGE_LOOP_ANALYSIS = YES;
				CLANG_WARN_STRICT_PROTOTYPES = YES;
				CLANG_WARN_SUSPICIOUS_MOVE = YES;
				CLANG_WARN_UNGUARDED_AVAILABILITY = YES_AGGRESSIVE;
				CLANG_WARN_UNREACHABLE_CODE = YES;
				CLANG_WARN__DUPLICATE_METHOD_MATCH = YES;
				COPY_PHASE_STRIP = NO;
				DEBUG_INFORMATION_FORMAT = dwarf;
				ENABLE_STRICT_OBJC_MSGSEND = YES;
				ENABLE_TESTABILITY = YES;
				GCC_C_LANGUAGE_STANDARD = gnu11;
				GCC_DYNAMIC_NO_PIC = NO;
				GCC_NO_COMMON_BLOCKS = YES;
				GCC_OPTIMIZATION_LEVEL = 0;
				GCC_PREPROCESSOR_DEFINITIONS = (
					"DEBUG=1",
					"$(inherited)",
				);
				GCC_WARN_64_TO_32_BIT_CONVERSION = YES;
				GCC_WARN_ABOUT_RETURN_TYPE = YES_ERROR;
				GCC_WARN_UNDECLARED_SELECTOR = YES;
				GCC_WARN_UNINITIALIZED_AUTOS = YES_AGGRESSIVE;
				GCC_WARN_UNUSED_FUNCTION = YES;
				GCC_WARN_UNUSED_VARIABLE = YES;
				IPHONEOS_DEPLOYMENT_TARGET = 15.2;
				MTL_ENABLE_DEBUG_INFO = INCLUDE_SOURCE;
				MTL_FAST_MATH = YES;
				ONLY_ACTIVE_ARCH = YES;
				SDKROOT = iphoneos;
				SWIFT_ACTIVE_COMPILATION_CONDITIONS = DEBUG;
				SWIFT_OPTIMIZATION_LEVEL = "-Onone";
			};
			name = Debug;
		};
		69FE92CF2906907300F3F924 /* Release */ = {
			isa = XCBuildConfiguration;
			buildSettings = {
				ALWAYS_SEARCH_USER_PATHS = NO;
				CLANG_ANALYZER_NONNULL = YES;
				CLANG_ANALYZER_NUMBER_OBJECT_CONVERSION = YES_AGGRESSIVE;
				CLANG_CXX_LANGUAGE_STANDARD = "gnu++17";
				CLANG_CXX_LIBRARY = "libc++";
				CLANG_ENABLE_MODULES = YES;
				CLANG_ENABLE_OBJC_ARC = YES;
				CLANG_ENABLE_OBJC_WEAK = YES;
				CLANG_WARN_BLOCK_CAPTURE_AUTORELEASING = YES;
				CLANG_WARN_BOOL_CONVERSION = YES;
				CLANG_WARN_COMMA = YES;
				CLANG_WARN_CONSTANT_CONVERSION = YES;
				CLANG_WARN_DEPRECATED_OBJC_IMPLEMENTATIONS = YES;
				CLANG_WARN_DIRECT_OBJC_ISA_USAGE = YES_ERROR;
				CLANG_WARN_DOCUMENTATION_COMMENTS = YES;
				CLANG_WARN_EMPTY_BODY = YES;
				CLANG_WARN_ENUM_CONVERSION = YES;
				CLANG_WARN_INFINITE_RECURSION = YES;
				CLANG_WARN_INT_CONVERSION = YES;
				CLANG_WARN_NON_LITERAL_NULL_CONVERSION = YES;
				CLANG_WARN_OBJC_IMPLICIT_RETAIN_SELF = YES;
				CLANG_WARN_OBJC_LITERAL_CONVERSION = YES;
				CLANG_WARN_OBJC_ROOT_CLASS = YES_ERROR;
				CLANG_WARN_QUOTED_INCLUDE_IN_FRAMEWORK_HEADER = YES;
				CLANG_WARN_RANGE_LOOP_ANALYSIS = YES;
				CLANG_WARN_STRICT_PROTOTYPES = YES;
				CLANG_WARN_SUSPICIOUS_MOVE = YES;
				CLANG_WARN_UNGUARDED_AVAILABILITY = YES_AGGRESSIVE;
				CLANG_WARN_UNREACHABLE_CODE = YES;
				CLANG_WARN__DUPLICATE_METHOD_MATCH = YES;
				COPY_PHASE_STRIP = NO;
				DEBUG_INFORMATION_FORMAT = "dwarf-with-dsym";
				ENABLE_NS_ASSERTIONS = NO;
				ENABLE_STRICT_OBJC_MSGSEND = YES;
				GCC_C_LANGUAGE_STANDARD = gnu11;
				GCC_NO_COMMON_BLOCKS = YES;
				GCC_WARN_64_TO_32_BIT_CONVERSION = YES;
				GCC_WARN_ABOUT_RETURN_TYPE = YES_ERROR;
				GCC_WARN_UNDECLARED_SELECTOR = YES;
				GCC_WARN_UNINITIALIZED_AUTOS = YES_AGGRESSIVE;
				GCC_WARN_UNUSED_FUNCTION = YES;
				GCC_WARN_UNUSED_VARIABLE = YES;
				IPHONEOS_DEPLOYMENT_TARGET = 15.2;
				MTL_ENABLE_DEBUG_INFO = NO;
				MTL_FAST_MATH = YES;
				SDKROOT = iphoneos;
				SWIFT_COMPILATION_MODE = wholemodule;
				SWIFT_OPTIMIZATION_LEVEL = "-O";
				VALIDATE_PRODUCT = YES;
			};
			name = Release;
		};
		69FE92D12906907300F3F924 /* Debug */ = {
			isa = XCBuildConfiguration;
			baseConfigurationReference = 2B6357D9F8A517003FAA0060 /* Pods-NY Times Articles.debug.xcconfig */;
			buildSettings = {
				ASSETCATALOG_COMPILER_APPICON_NAME = AppIcon;
				ASSETCATALOG_COMPILER_GLOBAL_ACCENT_COLOR_NAME = AccentColor;
				CODE_SIGN_STYLE = Automatic;
				CURRENT_PROJECT_VERSION = 1;
				DEVELOPMENT_TEAM = F74Y822XC3;
				GENERATE_INFOPLIST_FILE = YES;
				INFOPLIST_FILE = "NY Times Articles/Info.plist";
				INFOPLIST_KEY_UIApplicationSupportsIndirectInputEvents = YES;
				INFOPLIST_KEY_UILaunchStoryboardName = LaunchScreen;
				INFOPLIST_KEY_UISupportedInterfaceOrientations_iPad = "UIInterfaceOrientationPortrait UIInterfaceOrientationPortraitUpsideDown UIInterfaceOrientationLandscapeLeft UIInterfaceOrientationLandscapeRight";
				INFOPLIST_KEY_UISupportedInterfaceOrientations_iPhone = "UIInterfaceOrientationPortrait UIInterfaceOrientationLandscapeLeft UIInterfaceOrientationLandscapeRight";
				IPHONEOS_DEPLOYMENT_TARGET = 15.0;
				LD_RUNPATH_SEARCH_PATHS = (
					"$(inherited)",
					"@executable_path/Frameworks",
				);
				MARKETING_VERSION = 1.0;
				PRODUCT_BUNDLE_IDENTIFIER = "najeeb-ios.NY-Times-Articles";
				PRODUCT_NAME = "$(TARGET_NAME)";
				SWIFT_EMIT_LOC_STRINGS = YES;
				SWIFT_VERSION = 5.0;
				TARGETED_DEVICE_FAMILY = "1,2";
			};
			name = Debug;
		};
		69FE92D22906907300F3F924 /* Release */ = {
			isa = XCBuildConfiguration;
			baseConfigurationReference = 21BB87D03AE4418347E2CFC8 /* Pods-NY Times Articles.release.xcconfig */;
			buildSettings = {
				ASSETCATALOG_COMPILER_APPICON_NAME = AppIcon;
				ASSETCATALOG_COMPILER_GLOBAL_ACCENT_COLOR_NAME = AccentColor;
				CODE_SIGN_STYLE = Automatic;
				CURRENT_PROJECT_VERSION = 1;
				DEVELOPMENT_TEAM = F74Y822XC3;
				GENERATE_INFOPLIST_FILE = YES;
				INFOPLIST_FILE = "NY Times Articles/Info.plist";
				INFOPLIST_KEY_UIApplicationSupportsIndirectInputEvents = YES;
				INFOPLIST_KEY_UILaunchStoryboardName = LaunchScreen;
				INFOPLIST_KEY_UISupportedInterfaceOrientations_iPad = "UIInterfaceOrientationPortrait UIInterfaceOrientationPortraitUpsideDown UIInterfaceOrientationLandscapeLeft UIInterfaceOrientationLandscapeRight";
				INFOPLIST_KEY_UISupportedInterfaceOrientations_iPhone = "UIInterfaceOrientationPortrait UIInterfaceOrientationLandscapeLeft UIInterfaceOrientationLandscapeRight";
				IPHONEOS_DEPLOYMENT_TARGET = 15.0;
				LD_RUNPATH_SEARCH_PATHS = (
					"$(inherited)",
					"@executable_path/Frameworks",
				);
				MARKETING_VERSION = 1.0;
				PRODUCT_BUNDLE_IDENTIFIER = "najeeb-ios.NY-Times-Articles";
				PRODUCT_NAME = "$(TARGET_NAME)";
				SWIFT_EMIT_LOC_STRINGS = YES;
				SWIFT_VERSION = 5.0;
				TARGETED_DEVICE_FAMILY = "1,2";
			};
			name = Release;
		};
		69FE92D42906907300F3F924 /* Debug */ = {
			isa = XCBuildConfiguration;
			baseConfigurationReference = 778FEDF565FE2FEE06BB347D /* Pods-NY Times ArticlesTests.debug.xcconfig */;
			buildSettings = {
				ALWAYS_EMBED_SWIFT_STANDARD_LIBRARIES = YES;
				BUNDLE_LOADER = "$(TEST_HOST)";
				CODE_SIGN_STYLE = Automatic;
				CURRENT_PROJECT_VERSION = 1;
				DEVELOPMENT_TEAM = F74Y822XC3;
				GENERATE_INFOPLIST_FILE = YES;
				IPHONEOS_DEPLOYMENT_TARGET = 15.2;
				MARKETING_VERSION = 1.0;
				PRODUCT_BUNDLE_IDENTIFIER = "najeeb-ios.NY-Times-ArticlesTests";
				PRODUCT_NAME = "$(TARGET_NAME)";
				SWIFT_EMIT_LOC_STRINGS = NO;
				SWIFT_VERSION = 5.0;
				TARGETED_DEVICE_FAMILY = "1,2";
				TEST_HOST = "$(BUILT_PRODUCTS_DIR)/NY Times Articles.app/NY Times Articles";
			};
			name = Debug;
		};
		69FE92D52906907300F3F924 /* Release */ = {
			isa = XCBuildConfiguration;
			baseConfigurationReference = F9C281041A0680FFD3DA177D /* Pods-NY Times ArticlesTests.release.xcconfig */;
			buildSettings = {
				ALWAYS_EMBED_SWIFT_STANDARD_LIBRARIES = YES;
				BUNDLE_LOADER = "$(TEST_HOST)";
				CODE_SIGN_STYLE = Automatic;
				CURRENT_PROJECT_VERSION = 1;
				DEVELOPMENT_TEAM = F74Y822XC3;
				GENERATE_INFOPLIST_FILE = YES;
				IPHONEOS_DEPLOYMENT_TARGET = 15.2;
				MARKETING_VERSION = 1.0;
				PRODUCT_BUNDLE_IDENTIFIER = "najeeb-ios.NY-Times-ArticlesTests";
				PRODUCT_NAME = "$(TARGET_NAME)";
				SWIFT_EMIT_LOC_STRINGS = NO;
				SWIFT_VERSION = 5.0;
				TARGETED_DEVICE_FAMILY = "1,2";
				TEST_HOST = "$(BUILT_PRODUCTS_DIR)/NY Times Articles.app/NY Times Articles";
			};
			name = Release;
		};
		69FE92D72906907300F3F924 /* Debug */ = {
			isa = XCBuildConfiguration;
			baseConfigurationReference = 50B894E5841CD434CC7AC814 /* Pods-NY Times Articles-NY Times ArticlesUITests.debug.xcconfig */;
			buildSettings = {
				ALWAYS_EMBED_SWIFT_STANDARD_LIBRARIES = YES;
				CODE_SIGN_STYLE = Automatic;
				CURRENT_PROJECT_VERSION = 1;
				DEVELOPMENT_TEAM = F74Y822XC3;
				GENERATE_INFOPLIST_FILE = YES;
				MARKETING_VERSION = 1.0;
				PRODUCT_BUNDLE_IDENTIFIER = "najeeb-ios.NY-Times-ArticlesUITests";
				PRODUCT_NAME = "$(TARGET_NAME)";
				SWIFT_EMIT_LOC_STRINGS = NO;
				SWIFT_VERSION = 5.0;
				TARGETED_DEVICE_FAMILY = "1,2";
				TEST_TARGET_NAME = "NY Times Articles";
			};
			name = Debug;
		};
		69FE92D82906907300F3F924 /* Release */ = {
			isa = XCBuildConfiguration;
			baseConfigurationReference = A9BBAE2698378949A1D8B8A1 /* Pods-NY Times Articles-NY Times ArticlesUITests.release.xcconfig */;
			buildSettings = {
				ALWAYS_EMBED_SWIFT_STANDARD_LIBRARIES = YES;
				CODE_SIGN_STYLE = Automatic;
				CURRENT_PROJECT_VERSION = 1;
				DEVELOPMENT_TEAM = F74Y822XC3;
				GENERATE_INFOPLIST_FILE = YES;
				MARKETING_VERSION = 1.0;
				PRODUCT_BUNDLE_IDENTIFIER = "najeeb-ios.NY-Times-ArticlesUITests";
				PRODUCT_NAME = "$(TARGET_NAME)";
				SWIFT_EMIT_LOC_STRINGS = NO;
				SWIFT_VERSION = 5.0;
				TARGETED_DEVICE_FAMILY = "1,2";
				TEST_TARGET_NAME = "NY Times Articles";
			};
			name = Release;
		};
/* End XCBuildConfiguration section */

/* Begin XCConfigurationList section */
		69FE92A12906907100F3F924 /* Build configuration list for PBXProject "NY Times Articles" */ = {
			isa = XCConfigurationList;
			buildConfigurations = (
				69FE92CE2906907300F3F924 /* Debug */,
				69FE92CF2906907300F3F924 /* Release */,
			);
			defaultConfigurationIsVisible = 0;
			defaultConfigurationName = Release;
		};
		69FE92D02906907300F3F924 /* Build configuration list for PBXNativeTarget "NY Times Articles" */ = {
			isa = XCConfigurationList;
			buildConfigurations = (
				69FE92D12906907300F3F924 /* Debug */,
				69FE92D22906907300F3F924 /* Release */,
			);
			defaultConfigurationIsVisible = 0;
			defaultConfigurationName = Release;
		};
		69FE92D32906907300F3F924 /* Build configuration list for PBXNativeTarget "NY Times ArticlesTests" */ = {
			isa = XCConfigurationList;
			buildConfigurations = (
				69FE92D42906907300F3F924 /* Debug */,
				69FE92D52906907300F3F924 /* Release */,
			);
			defaultConfigurationIsVisible = 0;
			defaultConfigurationName = Release;
		};
		69FE92D62906907300F3F924 /* Build configuration list for PBXNativeTarget "NY Times ArticlesUITests" */ = {
			isa = XCConfigurationList;
			buildConfigurations = (
				69FE92D72906907300F3F924 /* Debug */,
				69FE92D82906907300F3F924 /* Release */,
			);
			defaultConfigurationIsVisible = 0;
			defaultConfigurationName = Release;
		};
/* End XCConfigurationList section */
	};
	rootObject = 69FE929E2906907100F3F924 /* Project object */;
}
